Microsoft Visual Studio Solution File, Format Version 12.00
Project("{e2a14a41-a774-44a3-adc0-bb7386de4e5d}") = "UsrCBiService", "..\packages\UsrCBiService\Files\UsrCBiService.csproj", "{d63ee632-7616-480e-ab14-6d1c4c50611c}"
EndProject
Global
	GlobalSection(SolutionConfigurationPlatforms) = preSolution
		Debug|Any CPU = Debug|Any CPU
		Release|Any CPU = Release|Any CPU
	EndGlobalSection
	GlobalSection(ProjectConfigurationPlatforms) = postSolution
			{d63ee632-7616-480e-ab14-6d1c4c50611c}.Debug|Any CPU.ActiveCfg = Debug|Any CPU
			{d63ee632-7616-480e-ab14-6d1c4c50611c}.Debug|Any CPU.Build.0 = Debug|Any CPU
			{d63ee632-7616-480e-ab14-6d1c4c50611c}.Release|Any CPU.ActiveCfg = Release|Any CPU
			{d63ee632-7616-480e-ab14-6d1c4c50611c}.Release|Any CPU.Build.0 = Release|Any CPU
	EndGlobalSection
EndGlobal
